{
  "name": "test2",
  "version": "1.0.0",
  "lockfileVersion": 1,
  "requires": true,
  "dependencies": {
    "@babel/polyfill": {
      "version": "7.4.0",
      "resolved": "http://registry.npm.taobao.org/@babel/polyfill/download/@babel/polyfill-7.4.0.tgz",
      "integrity": "sha1-kPnWiuNKxCq0tKoDFRhI9TaWAhg=",
      "requires": {
        "core-js": "^2.6.5",
        "regenerator-runtime": "^0.13.2"
      }
    },
    "@babel/runtime": {
      "version": "7.4.2",
      "resolved": "http://registry.npm.taobao.org/@babel/runtime/download/@babel/runtime-7.4.2.tgz",
      "integrity": "sha1-9atolzIPFt7NhV7tcLcFkIoxP+g=",
      "requires": {
        "regenerator-runtime": "^0.13.2"
      }
    },
    "@redux-saga/core": {
      "version": "1.0.2",
      "resolved": "http://registry.npm.taobao.org/@redux-saga/core/download/@redux-saga/core-1.0.2.tgz",
      "integrity": "sha1-Qzalu0JT5cppaBwlqGP7vAPqbYg=",
      "requires": {
        "@babel/runtime": "^7.0.0",
        "@redux-saga/deferred": "^1.0.1",
        "@redux-saga/delay-p": "^1.0.1",
        "@redux-saga/is": "^1.0.2",
        "@redux-saga/symbols": "^1.0.1",
        "@redux-saga/types": "^1.0.2",
        "redux": ">=0.10 <5",
        "typescript-tuple": "^2.1.0"
      }
    },
    "@redux-saga/deferred": {
      "version": "1.0.1",
      "resolved": "http://registry.npm.taobao.org/@redux-saga/deferred/download/@redux-saga/deferred-1.0.1.tgz",
      "integrity": "sha1-yJVEXkhr3tkKzwuHO06Xj7/kWMI="
    },
    "@redux-saga/delay-p": {
      "version": "1.0.1",
      "resolved": "http://registry.npm.taobao.org/@redux-saga/delay-p/download/@redux-saga/delay-p-1.0.1.tgz",
      "integrity": "sha1-1p/GEDx1Ca6A+qFE6he7xp5R4Ck=",
      "requires": {
        "@redux-saga/symbols": "^1.0.1"
      }
    },
    "@redux-saga/is": {
      "version": "1.0.2",
      "resolved": "http://registry.npm.taobao.org/@redux-saga/is/download/@redux-saga/is-1.0.2.tgz",
      "integrity": "sha1-f0vgFMlwYYmNfvsR1sneMelD7Tg=",
      "requires": {
        "@redux-saga/symbols": "^1.0.1",
        "@redux-saga/types": "^1.0.2"
      }
    },
    "@redux-saga/symbols": {
      "version": "1.0.1",
      "resolved": "http://registry.npm.taobao.org/@redux-saga/symbols/download/@redux-saga/symbols-1.0.1.tgz",
      "integrity": "sha1-RlEq4SdfiN8GHEIWjQ9gDdsXDB4="
    },
    "@redux-saga/types": {
      "version": "1.0.2",
      "resolved": "http://registry.npm.taobao.org/@redux-saga/types/download/@redux-saga/types-1.0.2.tgz",
      "integrity": "sha1-HZTwKACwlHU/knHCBqJsKgbKFO4="
    },
    "chart.js": {
      "version": "2.8.0",
      "resolved": "https://registry.npm.taobao.org/chart.js/download/chart.js-2.8.0.tgz",
      "integrity": "sha1-twOxDQ9OxQeerv3NbKMtyPgm4Ok=",
      "requires": {
        "chartjs-color": "^2.1.0",
        "moment": "^2.10.2"
      }
    },
    "chartjs-color": {
      "version": "2.3.0",
      "resolved": "https://registry.npm.taobao.org/chartjs-color/download/chartjs-color-2.3.0.tgz",
      "integrity": "sha1-Dn4ejbo36uhBX9PbOL9XIAfdlY8=",
      "requires": {
        "chartjs-color-string": "^0.6.0",
        "color-convert": "^0.5.3"
      }
    },
    "chartjs-color-string": {
      "version": "0.6.0",
      "resolved": "https://registry.npm.taobao.org/chartjs-color-string/download/chartjs-color-string-0.6.0.tgz",
      "integrity": "sha1-HfCWYhwOcHIKZPQTXqFx0FFAL3E=",
      "requires": {
        "color-name": "^1.0.0"
      }
    },
    "color-convert": {
      "version": "0.5.3",
      "resolved": "http://registry.npm.taobao.org/color-convert/download/color-convert-0.5.3.tgz",
      "integrity": "sha1-vbbGnOZg+t/+CwAHzER+G59ygr0="
    },
    "color-name": {
      "version": "1.1.4",
      "resolved": "http://registry.npm.taobao.org/color-name/download/color-name-1.1.4.tgz",
      "integrity": "sha1-wqCah6y95pVD3m9j+jmVyCbFNqI="
    },
    "core-js": {
      "version": "2.6.5",
      "resolved": "http://registry.npm.taobao.org/core-js/download/core-js-2.6.5.tgz",
      "integrity": "sha1-RLyNJJ5/sv9dAOA0Gn/7lPv2eJU="
    },
    "deep-diff": {
      "version": "0.3.8",
      "resolved": "http://registry.npm.taobao.org/deep-diff/download/deep-diff-0.3.8.tgz",
      "integrity": "sha1-wB3mPvsO7JeYgB1Ax+Da4ltYLIQ="
    },
    "js-tokens": {
      "version": "4.0.0",
      "resolved": "http://registry.npm.taobao.org/js-tokens/download/js-tokens-4.0.0.tgz",
      "integrity": "sha1-GSA/tZmR35jjoocFDUZHzerzJJk="
    },
    "loose-envify": {
      "version": "1.4.0",
      "resolved": "http://registry.npm.taobao.org/loose-envify/download/loose-envify-1.4.0.tgz",
      "integrity": "sha1-ce5R+nvkyuwaY4OffmgtgTLTDK8=",
      "requires": {
        "js-tokens": "^3.0.0 || ^4.0.0"
      }
    },
    "miniprogram-datepicker": {
      "version": "0.3.0",
      "resolved": "http://registry.npm.taobao.org/miniprogram-datepicker/download/miniprogram-datepicker-0.3.0.tgz",
      "integrity": "sha1-hSGA7hWeFQjsbbU9LL9cykiUC6o=",
      "requires": {
        "calendar": "github:pithyone/calendar.js#a4277590864546525b0abaf36d3e9df1932bf405"
      },
      "dependencies": {
        "calendar": {
          "version": "github:pithyone/calendar.js#a4277590864546525b0abaf36d3e9df1932bf405",
          "from": "github:pithyone/calendar.js"
        }
      }
    },
    "moment": {
      "version": "2.29.2",
      "resolved": "https://registry.npmjs.org/moment/-/moment-2.29.2.tgz",
      "integrity": "sha512-UgzG4rvxYpN15jgCmVJwac49h9ly9NurikMWGPdVxm8GZD6XjkKPxDTjQQ43gtGgnV3X0cAyWDdP2Wexoquifg=="
    },
    "normalizr": {
      "version": "3.3.0",
      "resolved": "http://registry.npm.taobao.org/normalizr/download/normalizr-3.3.0.tgz",
      "integrity": "sha1-b0S5XovyIBhFqeVRkgxOWGEWbSc="
    },
    "redux": {
      "version": "4.0.1",
      "resolved": "http://registry.npm.taobao.org/redux/download/redux-4.0.1.tgz",
      "integrity": "sha1-Q2yubMQPvkcnaJ18j65EgI8b/vU=",
      "requires": {
        "loose-envify": "^1.4.0",
        "symbol-observable": "^1.2.0"
      }
    },
    "redux-logger": {
      "version": "3.0.6",
      "resolved": "http://registry.npm.taobao.org/redux-logger/download/redux-logger-3.0.6.tgz",
      "integrity": "sha1-91VZZvMJjzyIYExEnPC69XeCdL8=",
      "requires": {
        "deep-diff": "^0.3.5"
      }
    },
    "redux-saga": {
      "version": "1.0.2",
      "resolved": "http://registry.npm.taobao.org/redux-saga/download/redux-saga-1.0.2.tgz",
      "integrity": "sha1-BZlwP5dUOPGy+dK5qWXsWPD9/Nc=",
      "requires": {
        "@redux-saga/core": "^1.0.2"
      }
    },
    "regenerator-runtime": {
      "version": "0.13.2",
      "resolved": "http://registry.npm.taobao.org/regenerator-runtime/download/regenerator-runtime-0.13.2.tgz",
      "integrity": "sha1-MuWcmm+5saSv8JtJMMotRHc0NEc="
    },
    "symbol-observable": {
      "version": "1.2.0",
      "resolved": "http://registry.npm.taobao.org/symbol-observable/download/symbol-observable-1.2.0.tgz",
      "integrity": "sha1-wiaIrtTqs83C3+rLtWFmBWCgCAQ="
    },
    "typescript-compare": {
      "version": "0.0.2",
      "resolved": "http://registry.npm.taobao.org/typescript-compare/download/typescript-compare-0.0.2.tgz",
      "integrity": "sha1-fuQKQApAbC6gp+VR79MwkCHV9CU=",
      "requires": {
        "typescript-logic": "^0.0.0"
      }
    },
    "typescript-logic": {
      "version": "0.0.0",
      "resolved": "http://registry.npm.taobao.org/typescript-logic/download/typescript-logic-0.0.0.tgz",
      "integrity": "sha1-ZuvYKiVI8rREpDZnvsEgtJaJAZY="
    },
    "typescript-tuple": {
      "version": "2.2.1",
      "resolved": "http://registry.npm.taobao.org/typescript-tuple/download/typescript-tuple-2.2.1.tgz",
      "integrity": "sha1-fZgT+0s1X2msVQMuA2Pouw8E2tI=",
      "requires": {
        "typescript-compare": "^0.0.2"
      }
    },
    "wechat-weapp-redux": {
      "version": "0.1.3",
      "resolved": "http://registry.npm.taobao.org/wechat-weapp-redux/download/wechat-weapp-redux-0.1.3.tgz",
      "integrity": "sha1-fTECDcc+CVs098HucomjWyo1V74="
    }
  }
}
