{
  "name": "test2",
  "version": "1.0.0",
  "lockfileVersion": 1,
  "requires": true,
  "dependencies": {
    "deep-diff": {
      "version": "0.3.8",
      "resolved": "http://registry.npm.taobao.org/deep-diff/download/deep-diff-0.3.8.tgz",
      "integrity": "sha1-wB3mPvsO7JeYgB1Ax+Da4ltYLIQ="
    },
    "js-tokens": {
      "version": "4.0.0",
      "resolved": "http://registry.npm.taobao.org/js-tokens/download/js-tokens-4.0.0.tgz",
      "integrity": "sha1-GSA/tZmR35jjoocFDUZHzerzJJk="
    },
    "loose-envify": {
      "version": "1.4.0",
      "resolved": "http://registry.npm.taobao.org/loose-envify/download/loose-envify-1.4.0.tgz",
      "integrity": "sha1-ce5R+nvkyuwaY4OffmgtgTLTDK8=",
      "requires": {
        "js-tokens": "^3.0.0 || ^4.0.0"
      }
    },
    "miniprogram-datepicker": {
      "version": "0.3.0",
      "resolved": "http://registry.npm.taobao.org/miniprogram-datepicker/download/miniprogram-datepicker-0.3.0.tgz",
      "integrity": "sha1-hSGA7hWeFQjsbbU9LL9cykiUC6o=",
      "dependencies": {
        "calendar": {
          "version": "github:pithyone/calendar.js#a4277590864546525b0abaf36d3e9df1932bf405",
          "from": "github:pithyone/calendar.js#a4277590864546525b0abaf36d3e9df1932bf405"
        }
      }
    },
    "redux": {
      "version": "4.0.1",
      "resolved": "http://registry.npm.taobao.org/redux/download/redux-4.0.1.tgz",
      "integrity": "sha1-Q2yubMQPvkcnaJ18j65EgI8b/vU=",
      "requires": {
        "loose-envify": "^1.4.0",
        "symbol-observable": "^1.2.0"
      }
    },
    "redux-logger": {
      "version": "3.0.6",
      "resolved": "http://registry.npm.taobao.org/redux-logger/download/redux-logger-3.0.6.tgz",
      "integrity": "sha1-91VZZvMJjzyIYExEnPC69XeCdL8=",
      "requires": {
        "deep-diff": "^0.3.5"
      }
    },
    "symbol-observable": {
      "version": "1.2.0",
      "resolved": "http://registry.npm.taobao.org/symbol-observable/download/symbol-observable-1.2.0.tgz",
      "integrity": "sha1-wiaIrtTqs83C3+rLtWFmBWCgCAQ="
    },
    "wechat-weapp-redux": {
      "version": "0.1.3",
      "resolved": "http://registry.npm.taobao.org/wechat-weapp-redux/download/wechat-weapp-redux-0.1.3.tgz",
      "integrity": "sha1-fTECDcc+CVs098HucomjWyo1V74="
    }
  }
}
